{
  "name": "plutao",
  "version": "0.1.0",
  "lockfileVersion": 3,
  "requires": true,
  "packages": {
    "": {
      "name": "plutao",
      "version": "0.1.0",
      "workspaces": [
        "apps/*",
        "packages/*"
      ]
    },
    "apps/web": {
      "name": "plutao-web",
      "version": "0.1.0",
      "dependencies": {
        "@huggingface/transformers": "^3.0.0",
        "@modelcontextprotocol/server": "^2.0.0",
        "@plutao/db": "*",
        "@plutao/domain": "*",
        "@realtimex/piper-tts-web": "^1.1.1",
        "drizzle-orm": "^0.39.0",
        "kokoro-js": "^1.2.1",
        "mcp-handler": "^2.0.0",
        "next": "15.5.25",
        "onnxruntime-web": "^1.30.0",
        "pdf-parse": "^2.4.5",
        "react": "19.1.0",
        "react-dom": "19.1.0",
        "stripe": "^17.7.0",
        "xlsx": "^0.18.5",
        "zod": "^4.2.0"
      },
      "devDependencies": {
        "@eslint/eslintrc": "^3",
        "@tailwindcss/postcss": "^4",
        "@types/node": "^20",
        "@types/pdf-parse": "^1.1.5",
        "@types/react": "^19",
        "@types/react-dom": "^19",
        "eslint": "^9",
        "eslint-config-next": "15.5.25",
        "tailwindcss": "^4",
        "typescript": "^5",
        "vitest": "^3.0.0"
      }
    },
    "packages/db": {
      "name": "@plutao/db",
      "version": "0.1.0",
      "dependencies": {
        "@neondatabase/serverless": "^0.10.0",
        "@vercel/blob": "^0.10.0",
        "drizzle-orm": "^0.39.0"
      },
      "devDependencies": {
        "drizzle-kit": "^0.30.0",
        "typescript": "^5"
      }
    },
    "packages/domain": {
      "name": "@plutao/domain",
      "version": "0.1.0",
      "devDependencies": {
        "typescript": "^5"
      }
    },
    "apps/web/node_modules/@realtimex/piper-tts-web": {
      "version": "1.1.1",
      "resolved": "https://registry.npmjs.org/@realtimex/piper-tts-web/-/piper-tts-web-1.1.1.tgz",
      "integrity": "sha512-EgxiZ3oYnarSUBXY8qTwQFOJu5KyCWqVt4uIJDgWfOqDdHMjALgJfTyX7uHoftI3Gk1hh5CQAdJSIuhe/8eRfw==",
      "license": "MIT",
      "peerDependencies": {
        "onnxruntime-web": "^1.22.0"
      }
    },
    "apps/web/node_modules/onnxruntime-web": {
      "version": "1.30.0",
      "resolved": "https://registry.npmjs.org/onnxruntime-web/-/onnxruntime-web-1.30.0.tgz",
      "integrity": "sha512-q0y+JrrtukXSzsBWEMccVfqX25LRmosXHF+CaRJmg8pZClzcV7svNc4rKY3jL02Vb7QmRMDs1SigqR4CXAfKYQ==",
      "license": "MIT",
      "dependencies": {
        "flatbuffers": "^25.1.24",
        "guid-typescript": "^1.0.9",
        "long": "^5.2.3",
        "onnxruntime-common": "1.30.0",
        "platform": "^1.3.6",
        "protobufjs": "^7.2.4"
      }
    },
    "apps/web/node_modules/onnxruntime-common": {
      "version": "1.30.0",
      "resolved": "https://registry.npmjs.org/onnxruntime-common/-/onnxruntime-common-1.30.0.tgz",
      "integrity": "sha512-7fdVWjAID1dVhH/G8qK3APARunV4VkBFoCQAP7qp4Wkab0mrorvmc+sqiT+mKXOzDqdjN5j+/Z9nb4gzNPWcyA==",
      "license": "MIT"
    },
    "node_modules/kokoro-js": {
      "version": "1.2.1",
      "resolved": "https://registry.npmjs.org/kokoro-js/-/kokoro-js-1.2.1.tgz",
      "integrity": "sha512-oq0HZJWis3t8lERkMJh84WLU86dpYD0EuBPtqYnLlQzyFP1OkyBRDcweAqCfhNOpltyN9j/azp1H6uuC47gShw==",
      "license": "Apache-2.0",
      "dependencies": {
        "@huggingface/transformers": "^3.5.1",
        "phonemizer": "^1.2.1"
      }
    },
    "node_modules/phonemizer": {
      "version": "1.2.1",
      "resolved": "https://registry.npmjs.org/phonemizer/-/phonemizer-1.2.1.tgz",
      "integrity": "sha512-v0KJ4mi2T4Q7eJQ0W15Xd4G9k4kICSXE8bpDeJ8jisL4RyJhNWsweKTOi88QXFc4r4LZlz5jVL5lCHhkpdT71A==",
      "license": "Apache-2.0"
    }
  }
}
